PODS:
  - AEXML (4.5.0)
  - Alamofire (5.2.0)
  - CropPickerView (0.1.3)
  - ImageViewer (6.0.0)
  - IQKeyboardManager (6.5.5)
  - lame (1.0.0)
  - SDWebImage (5.5.2):
    - SDWebImage/Core (= 5.5.2)
  - SDWebImage/Core (5.5.2)
  - SVProgressHUD (2.2.5)

DEPENDENCIES:
  - AEXML
  - Alamofire
  - CropPickerView
  - ImageViewer
  - IQKeyboardManager
  - lame
  - SDWebImage
  - SVProgressHUD

SPEC REPOS:
  trunk:
    - AEXML
    - Alamofire
    - CropPickerView
    - ImageViewer
    - IQKeyboardManager
    - lame
    - SDWebImage
    - SVProgressHUD

SPEC CHECKSUMS:
  AEXML: 0e8f1d874fa033ca6b3909452a8bc362faad46e6
  Alamofire: c1ca147559e730bfb2182c8c7aafbdd90a867987
  CropPickerView: ecf0c8d77fc876c114a97c5481dd86903ab61314
  ImageViewer: cb88ef1c0ba19161bc10702adfdcebc116a7a59d
  IQKeyboardManager: 3a8b9e603f8b0eeaf5f096a1f2b2cfcf121992ef
  lame: 1edb6e24a4e2056b9d1fd90c9fddc10c9aff875d
  SDWebImage: 4d5c027c935438f341ed33dbac53ff9f479922ca
  SVProgressHUD: 1428aafac632c1f86f62aa4243ec12008d7a51d6

PODFILE CHECKSUM: f56289fa7769121d10698f97c06ec1315bf02929

COCOAPODS: 1.8.4
